{
    "_meta": {
        "hash": {
            "sha256": "6cd718886d86a1692ca0cae2f2328225bf8f3f2ba70c3b6a6d41eccf96acadfd"
        },
        "pipfile-spec": 6,
        "requires": {
            "python_version": "3.9"
        },
        "sources": [
            {
                "name": "pypi",
                "url": "https://pypi.org/simple",
                "verify_ssl": true
            }
        ]
    },
    "default": {
        "asgiref": {
            "hashes": [
                "sha256:3e1e3ecc849832fe52ccf2cb6686b7a55f82bb1d6aee72a58826471390335e47",
                "sha256:c343bd80a0bec947a9860adb4c432ffa7db769836c64238fc34bdc3fec84d590"
            ],
            "markers": "python_version >= '3.8'",
            "version": "==3.8.1"
        },
        "bcrypt": {
            "hashes": [
                "sha256:01746eb2c4299dd0ae1670234bf77704f581dd72cc180f444bfe74eb80495b64",
                "sha256:037c5bf7c196a63dcce75545c8874610c600809d5d82c305dd327cd4969995bf",
                "sha256:094fd31e08c2b102a14880ee5b3d09913ecf334cd604af27e1013c76831f7b05",
                "sha256:0d4cf6ef1525f79255ef048b3489602868c47aea61f375377f0d00514fe4a78c",
                "sha256:193bb49eeeb9c1e2db9ba65d09dc6384edd5608d9d672b4125e9320af9153a15",
                "sha256:2505b54afb074627111b5a8dc9b6ae69d0f01fea65c2fcaea403448c503d3991",
                "sha256:2ee15dd749f5952fe3f0430d0ff6b74082e159c50332a1413d51b5689cf06623",
                "sha256:31adb9cbb8737a581a843e13df22ffb7c84638342de3708a98d5c986770f2834",
                "sha256:3a5be252fef513363fe281bafc596c31b552cf81d04c5085bc5dac29670faa08",
                "sha256:3d3b317050a9a711a5c7214bf04e28333cf528e0ed0ec9a4e55ba628d0f07c1a",
                "sha256:48429c83292b57bf4af6ab75809f8f4daf52aa5d480632e53707805cc1ce9b74",
                "sha256:4a8bea4c152b91fd8319fef4c6a790da5c07840421c2b785084989bf8bbb7455",
                "sha256:4fb253d65da30d9269e0a6f4b0de32bd657a0208a6f4e43d3e645774fb5457f3",
                "sha256:551b320396e1d05e49cc18dd77d970accd52b322441628aca04801bbd1d52a73",
                "sha256:5f7cd3399fbc4ec290378b541b0cf3d4398e4737a65d0f938c7c0f9d5e686611",
                "sha256:6004f5229b50f8493c49232b8e75726b568535fd300e5039e255d919fc3a07f2",
                "sha256:6717543d2c110a155e6821ce5670c1f512f602eabb77dba95717ca76af79867d",
                "sha256:6cac78a8d42f9d120b3987f82252bdbeb7e6e900a5e1ba37f6be6fe4e3848286",
                "sha256:8a893d192dfb7c8e883c4576813bf18bb9d59e2cfd88b68b725990f033f1b978",
                "sha256:8cbb119267068c2581ae38790e0d1fbae65d0725247a930fc9900c285d95725d",
                "sha256:9f8ea645eb94fb6e7bea0cf4ba121c07a3a182ac52876493870033141aa687bc",
                "sha256:c4c8d9b3e97209dd7111bf726e79f638ad9224b4691d1c7cfefa571a09b1b2d6",
                "sha256:cb9c707c10bddaf9e5ba7cdb769f3e889e60b7d4fea22834b261f51ca2b89fed",
                "sha256:d84702adb8f2798d813b17d8187d27076cca3cd52fe3686bb07a9083930ce650",
                "sha256:ec3c2e1ca3e5c4b9edb94290b356d082b721f3f50758bce7cce11d8a7c89ce84",
                "sha256:f44a97780677e7ac0ca393bd7982b19dbbd8d7228c1afe10b128fd9550eef5f1",
                "sha256:f5698ce5292a4e4b9e5861f7e53b1d89242ad39d54c3da451a93cac17b61921a"
            ],
            "index": "pypi",
            "markers": "python_version >= '3.7'",
            "version": "==4.1.3"
        },
        "django": {
            "hashes": [
                "sha256:837e3cf1f6c31347a1396a3f6b65688f2b4bb4a11c580dcb628b5afe527b68a5",
                "sha256:a17fcba2aad3fc7d46fdb23215095dbbd64e6174bf4589171e732b18b07e426a"
            ],
            "index": "pypi",
            "markers": "python_version >= '3.8'",
            "version": "==4.2.13"
        },
        "dnspython": {
            "hashes": [
                "sha256:5ef3b9680161f6fa89daf8ad451b5f1a33b18ae8a1c6778cdf4b43f08c0a6e50",
                "sha256:e8f0f9c23a7b7cb99ded64e6c3a6f3e701d78f50c55e002b839dea7225cff7cc"
            ],
            "markers": "python_version >= '3.8'",
            "version": "==2.6.1"
        },
        "pymongo": {
            "hashes": [
                "sha256:03e0f9901ad66c6fb7da0d303461377524d61dab93a4e4e5af44164c5bb4db76",
                "sha256:1421d0bd2ce629405f5157bd1aaa9b83f12d53a207cf68a43334f4e4ee312b66",
                "sha256:1c90c848a5e45475731c35097f43026b88ef14a771dfd08f20b67adc160a3f79",
                "sha256:1cc1febf17646d52b7561caa762f60bdfe2cbdf3f3e70772f62eb624269f9c05",
                "sha256:23b1e9dabd61da1c7deb54d888f952f030e9e35046cebe89309b28223345b3d9",
                "sha256:26140fbb3f6a9a74bd73ed46d0b1f43d5702e87a6e453a31b24fad9c19df9358",
                "sha256:2c59c2c9e70f63a7f18a31e367898248c39c068c639b0579623776f637e8f482",
                "sha256:3564f423958fced8a8c90940fd2f543c27adbcd6c7c6ed6715d847053f6200a0",
                "sha256:35ba90477fae61c65def6e7d09e8040edfdd3b7fd47c3c258b4edded60c4d625",
                "sha256:397fed21afec4fdaecf72f9c4344b692e489756030a9c6d864393e00c7e80491",
                "sha256:3a0e81c8dba6d825272867d487f18764cfed3c736d71d7d4ff5b79642acbed42",
                "sha256:413506bd48d8c31ee100645192171e4773550d7cb940b594d5175ac29e329ea1",
                "sha256:4225100b2c5d1f7393d7c5d256ceb8b20766830eecf869f8ae232776347625a6",
                "sha256:487e2f9277f8a63ac89335ec4f1699ae0d96ebd06d239480d69ed25473a71b2c",
                "sha256:4a4cc91c28e81c0ce03d3c278e399311b0af44665668a91828aec16527082676",
                "sha256:4c3cba427dac50944c050c96d958c5e643c33a457acee03bae27c8990c5b9c16",
                "sha256:4d719a643ea6da46d215a3ba51dac805a773b611c641319558d8576cbe31cef8",
                "sha256:517243b2b189c98004570dd8fc0e89b1a48363d5578b3b99212fa2098b2ea4b8",
                "sha256:5f3569ed119bf99c0f39ac9962fb5591eff02ca210fe80bb5178d7a1171c1b1e",
                "sha256:6354a66b228f2cd399be7429685fb68e07f19110a3679782ecb4fdb68da03831",
                "sha256:6db3d608d541a444c84f0bfc7bad80b0b897e0f4afa580a53f9a944065d9b633",
                "sha256:6e2287f1e2cc35e73cd74a4867e398a97962c5578a3991c730ef78d276ca8e46",
                "sha256:79cc6459209e885ba097779eaa0fe7f2fa049db39ab43b1731cf8d065a4650e8",
                "sha256:7a8af8a38fa6951fff73e6ff955a6188f829b29fed7c5a1b739a306b4aa56fe8",
                "sha256:82a97d8f7f138586d9d0a0cff804a045cdbbfcfc1cd6bba542b151e284fbbec5",
                "sha256:88fc1d146feabac4385ea8ddb1323e584922922641303c8bf392fe1c36803463",
                "sha256:89872041196c008caddf905eb59d3dc2d292ae6b0282f1138418e76f3abd3ad6",
                "sha256:8d00a5d8fc1043a4f641cbb321da766699393f1b6f87c70fae8089d61c9c9c54",
                "sha256:8dfcf18a49955d50a16c92b39230bd0668ffc9c164ccdfe9d28805182b48fa72",
                "sha256:8e28feb18dc559d50ededba27f9054c79f80c4edd70a826cecfe68f3266807b3",
                "sha256:8ed1132f58c38add6b6138b771d0477a3833023c015c455d9a6e26f367f9eb5c",
                "sha256:92dd247727dd83d1903e495acc743ebd757f030177df289e3ba4ef8a8c561fad",
                "sha256:9377b868c38700c7557aac1bc4baae29f47f1d279cc76b60436e547fd643318c",
                "sha256:94baa5fc7f7d22c3ce2ac7bd92f7e03ba7a6875f2480e3b97a400163d6eaafc9",
                "sha256:9a870824aa54453aee030bac08c77ebcf2fe8999400f0c2a065bebcbcd46b7f8",
                "sha256:9aa8735955c70892634d7e61b0ede9b1eefffd3cd09ccabee0ffcf1bdfe62254",
                "sha256:9cf2069f5d37c398186453589486ea98bb0312214c439f7d320593b61880dc05",
                "sha256:a46cffe91912570151617d866a25d07b9539433a32231ca7e7cf809b6ba1745f",
                "sha256:a7a5fd893edbeb7fa982f8d44b6dd0186b6cd86c89e23f6ef95049ff72bffe46",
                "sha256:b3a8a1ef4a824f5feb793b3231526d0045eadb5eb01080e38435dfc40a26c3e5",
                "sha256:c168a2fadc8b19071d0a9a4f85fe38f3029fe22163db04b4d5c046041c0b14bd",
                "sha256:c450ab2f9397e2d5caa7fddeb4feb30bf719c47c13ae02c0bbb3b71bf4099c1c",
                "sha256:c6bfa29f032fd4fd7b129520f8cdb51ab71d88c2ba0567cccd05d325f963acb5",
                "sha256:cb30c8a78f5ebaca98640943447b6a0afcb146f40b415757c9047bf4a40d07b4",
                "sha256:d08165fd82c89d372e82904c3268bd8fe5de44f92a00e97bb1db1785154397d9",
                "sha256:d14e5e89a4be1f10efc3d9dcb13eb7a3b2334599cb6bb5d06c6a9281b79c8e22",
                "sha256:d2f52b38151e946011d888a8441d3d75715c663fc5b41a7ade595e924e12a90a",
                "sha256:d3ed97b89de62ea927b672ad524de0d23f3a6b4a01c8d10e3d224abec973fbc3",
                "sha256:d8b1e06f361f3c66ee694cb44326e1a2e4f93bc9c3a4849ae8547889fca71154",
                "sha256:da4a6a7b4f45329bb135aa5096823637bd5f760b44d6224f98190ee367b6b5dd",
                "sha256:de3b9db558930efab5eaef4db46dcad8bf61ac3ddfd5751b3e5ac6084a25e366",
                "sha256:dfd7b3d3f4261bddbb74a332d87581bc523353e62bb9da4027cc7340f6fcbebc",
                "sha256:e90af2ad3a8a7c295f4d09a2fbcb9a350c76d6865f787c07fe843b79c6e821d1",
                "sha256:e9580b4537b3cc5d412070caabd1dabdf73fdce249793598792bac5782ecf2eb",
                "sha256:eb383c54c0c8ba27e7712b954fcf2a0905fee82a929d277e2e94ad3a5ba3c7db",
                "sha256:f0e149217ef62812d3c2401cf0e2852b0c57fd155297ecc4dcd67172c4eca402",
                "sha256:f21ecddcba2d9132d5aebd8e959de8d318c29892d0718420447baf2b9bccbb19",
                "sha256:f598be401b416319a535c386ac84f51df38663f7a9d1071922bda4d491564422",
                "sha256:f7ee974f8b9370a998919c55b1050889f43815ab588890212023fecbc0402a6d",
                "sha256:f903075f8625e2d228f1b9b9a0cf1385f1c41e93c03fd7536c91780a0fb2e98f"
            ],
            "index": "pypi",
            "markers": "python_version >= '3.7'",
            "version": "==4.7.3"
        },
        "sqlparse": {
            "hashes": [
                "sha256:714d0a4932c059d16189f58ef5411ec2287a4360f17cdd0edd2d09d4c5087c93",
                "sha256:c204494cd97479d0e39f28c93d46c0b2d5959c7b9ab904762ea6c7af211c8663"
            ],
            "markers": "python_version >= '3.8'",
            "version": "==0.5.0"
        },
        "typing-extensions": {
            "hashes": [
                "sha256:04e5ca0351e0f3f85c6853954072df659d0d13fac324d0072316b67d7794700d",
                "sha256:1a7ead55c7e559dd4dee8856e3a88b41225abfe1ce8df57b7c13915fe121ffb8"
            ],
            "markers": "python_version < '3.11'",
            "version": "==4.12.2"
        },
        "tzdata": {
            "hashes": [
                "sha256:2674120f8d891909751c38abcdfd386ac0a5a1127954fbc332af6b5ceae07efd",
                "sha256:9068bc196136463f5245e51efda838afa15aaeca9903f49050dfa2679db4d252"
            ],
            "markers": "sys_platform == 'win32'",
            "version": "==2024.1"
        }
    },
    "develop": {}
}
